// !$*UTF8*$!
{
	archiveVersion = 1;
	classes = {
	};
	objectVersion = 46;
	objects = {

/* Begin PBXBuildFile section */
		1F8157681E2A7FD70091A456 /* AppDelegate.swift in Sources */ = {isa = PBXBuildFile; fileRef = 1F8157671E2A7FD70091A456 /* AppDelegate.swift */; };
		1F81576A1E2A7FD70091A456 /* ViewController.swift in Sources */ = {isa = PBXBuildFile; fileRef = 1F8157691E2A7FD70091A456 /* ViewController.swift */; };
		1F81576D1E2A7FD70091A456 /* Main.storyboard in Resources */ = {isa = PBXBuildFile; fileRef = 1F81576B1E2A7FD70091A456 /* Main.storyboard */; };
		1F81576F1E2A7FD70091A456 /* Assets.xcassets in Resources */ = {isa = PBXBuildFile; fileRef = 1F81576E1E2A7FD70091A456 /* Assets.xcassets */; };
		1F8157721E2A7FD70091A456 /* LaunchScreen.storyboard in Resources */ = {isa = PBXBuildFile; fileRef = 1F8157701E2A7FD70091A456 /* LaunchScreen.storyboard */; };
		1F81577D1E2A7FD70091A456 /* HelloWorldTests.swift in Sources */ = {isa = PBXBuildFile; fileRef = 1F81577C1E2A7FD70091A456 /* HelloWorldTests.swift */; };
		1F8157881E2A7FD70091A456 /* HelloWorldUITests.swift in Sources */ = {isa = PBXBuildFile; fileRef = 1F8157871E2A7FD70091A456 /* HelloWorldUITests.swift */; };
/* End PBXBuildFile section */

/* Begin PBXContainerItemProxy section */
		1F8157791E2A7FD70091A456 /* PBXContainerItemProxy */ = {
			isa = PBXContainerItemProxy;
			containerPortal = 1F81575C1E2A7FD70091A456 /* Project object */;
			proxyType = 1;
			remoteGlobalIDString = 1F8157631E2A7FD70091A456;
			remoteInfo = HelloWorld;
		};
		1F8157841E2A7FD70091A456 /* PBXContainerItemProxy */ = {
			isa = PBXContainerItemProxy;
			containerPortal = 1F81575C1E2A7FD70091A456 /* Project object */;
			proxyType = 1;
			remoteGlobalIDString = 1F8157631E2A7FD70091A456;
			remoteInfo = HelloWorld;
		};
/* End PBXContainerItemProxy section */

/* Begin PBXFileReference section */
		1F8157641E2A7FD70091A456 /* HelloWorld.app */ = {isa = PBXFileReference; explicitFileType = wrapper.application; includeInIndex = 0; path = HelloWorld.app; sourceTree = BUILT_PRODUCTS_DIR; };
		1F8157671E2A7FD70091A456 /* AppDelegate.swift */ = {isa = PBXFileReference; lastKnownFileType = sourcecode.swift; path = AppDelegate.swift; sourceTree = "<group>"; };
		1F8157691E2A7FD70091A456 /* ViewController.swift */ = {isa = PBXFileReference; lastKnownFileType = sourcecode.swift; path = ViewController.swift; sourceTree = "<group>"; };
		1F81576C1E2A7FD70091A456 /* Base */ = {isa = PBXFileReference; lastKnownFileType = file.storyboard; name = Base; path = Base.lproj/Main.storyboard; sourceTree = "<group>"; };
		1F81576E1E2A7FD70091A456 /* Assets.xcassets */ = {isa = PBXFileReference; lastKnownFileType = folder.assetcatalog; path = Assets.xcassets; sourceTree = "<group>"; };
		1F8157711E2A7FD70091A456 /* Base */ = {isa = PBXFileReference; lastKnownFileType = file.storyboard; name = Base; path = Base.lproj/LaunchScreen.storyboard; sourceTree = "<group>"; };
		1F8157731E2A7FD70091A456 /* Info.plist */ = {isa = PBXFileReference; lastKnownFileType = text.plist.xml; path = Info.plist; sourceTree = "<group>"; };
		1F8157781E2A7FD70091A456 /* HelloWorldTests.xctest */ = {isa = PBXFileReference; explicitFileType = wrapper.cfbundle; includeInIndex = 0; path = HelloWorldTests.xctest; sourceTree = BUILT_PRODUCTS_DIR; };
		1F81577C1E2A7FD70091A456 /* HelloWorldTests.swift */ = {isa = PBXFileReference; lastKnownFileType = sourcecode.swift; path = HelloWorldTests.swift; sourceTree = "<group>"; };
		1F81577E1E2A7FD70091A456 /* Info.plist */ = {isa = PBXFileReference; lastKnownFileType = text.plist.xml; path = Info.plist; sourceTree = "<group>"; };
		1F8157831E2A7FD70091A456 /* HelloWorldUITests.xctest */ = {isa = PBXFileReference; explicitFileType = wrapper.cfbundle; includeInIndex = 0; path = HelloWorldUITests.xctest; sourceTree = BUILT_PRODUCTS_DIR; };
		1F8157871E2A7FD70091A456 /* HelloWorldUITests.swift */ = {isa = PBXFileReference; lastKnownFileType = sourcecode.swift; path = HelloWorldUITests.swift; sourceTree = "<group>"; };
		1F8157891E2A7FD70091A456 /* Info.plist */ = {isa = PBXFileReference; lastKnownFileType = text.plist.xml; path = Info.plist; sourceTree = "<group>"; };
/* End PBXFileReference section */

/* Begin PBXFrameworksBuildPhase section */
		1F8157611E2A7FD70091A456 /* Frameworks */ = {
			isa = PBXFrameworksBuildPhase;
			buildActionMask = 2147483647;
			files = (
			);
			runOnlyForDeploymentPostprocessing = 0;
		};
		1F8157751E2A7FD70091A456 /* Frameworks */ = {
			isa = PBXFrameworksBuildPhase;
			buildActionMask = 2147483647;
			files = (
			);
			runOnlyForDeploymentPostprocessing = 0;
		};
		1F8157801E2A7FD70091A456 /* Frameworks */ = {
			isa = PBXFrameworksBuildPhase;
			buildActionMask = 2147483647;
			files = (
			);
			runOnlyForDeploymentPostprocessing = 0;
		};
/* End PBXFrameworksBuildPhase section */

/* Begin PBXGroup section */
		1F81575B1E2A7FD70091A456 = {
			isa = PBXGroup;
			children = (
				1F8157661E2A7FD70091A456 /* HelloWorld */,
				1F81577B1E2A7FD70091A456 /* HelloWorldTests */,
				1F8157861E2A7FD70091A456 /* HelloWorldUITests */,
				1F8157651E2A7FD70091A456 /* Products */,
			);
			sourceTree = "<group>";
		};
		1F8157651E2A7FD70091A456 /* Products */ = {
			isa = PBXGroup;
			children = (
				1F8157641E2A7FD70091A456 /* HelloWorld.app */,
				1F8157781E2A7FD70091A456 /* HelloWorldTests.xctest */,
				1F8157831E2A7FD70091A456 /* HelloWorldUITests.xctest */,
			);
			name = Products;
			sourceTree = "<group>";
		};
		1F8157661E2A7FD70091A456 /* HelloWorld */ = {
			isa = PBXGroup;
			children = (
				1F8157671E2A7FD70091A456 /* AppDelegate.swift */,
				1F8157691E2A7FD70091A456 /* ViewController.swift */,
				1F81576B1E2A7FD70091A456 /* Main.storyboard */,
				1F81576E1E2A7FD70091A456 /* Assets.xcassets */,
				1F8157701E2A7FD70091A456 /* LaunchScreen.storyboard */,
				1F8157731E2A7FD70091A456 /* Info.plist */,
			);
			path = HelloWorld;
			sourceTree = "<group>";
		};
		1F81577B1E2A7FD70091A456 /* HelloWorldTests */ = {
			isa = PBXGroup;
			children = (
				1F81577C1E2A7FD70091A456 /* HelloWorldTests.swift */,
				1F81577E1E2A7FD70091A456 /* Info.plist */,
			);
			path = HelloWorldTests;
			sourceTree = "<group>";
		};
		1F8157861E2A7FD70091A456 /* HelloWorldUITests */ = {
			isa = PBXGroup;
			children = (
				1F8157871E2A7FD70091A456 /* HelloWorldUITests.swift */,
				1F8157891E2A7FD70091A456 /* Info.plist */,
			);
			path = HelloWorldUITests;
			sourceTree = "<group>";
		};
/* End PBXGroup section */

/* Begin PBXNativeTarget section */
		1F8157631E2A7FD70091A456 /* HelloWorld */ = {
			isa = PBXNativeTarget;
			buildConfigurationList = 1F81578C1E2A7FD70091A456 /* Build configuration list for PBXNativeTarget "HelloWorld" */;
			buildPhases = (
				1F8157601E2A7FD70091A456 /* Sources */,
				1F8157611E2A7FD70091A456 /* Frameworks */,
				1F8157621E2A7FD70091A456 /* Resources */,
			);
			buildRules = (
			);
			dependencies = (
			);
			name = HelloWorld;
			productName = HelloWorld;
			productReference = 1F8157641E2A7FD70091A456 /* HelloWorld.app */;
			productType = "com.apple.product-type.application";
		};
		1F8157771E2A7FD70091A456 /* HelloWorldTests */ = {
			isa = PBXNativeTarget;
			buildConfigurationList = 1F81578F1E2A7FD70091A456 /* Build configuration list for PBXNativeTarget "HelloWorldTests" */;
			buildPhases = (
				1F8157741E2A7FD70091A456 /* Sources */,
				1F8157751E2A7FD70091A456 /* Frameworks */,
				1F8157761E2A7FD70091A456 /* Resources */,
			);
			buildRules = (
			);
			dependencies = (
				1F81577A1E2A7FD70091A456 /* PBXTargetDependency */,
			);
			name = HelloWorldTests;
			productName = HelloWorldTests;
			productReference = 1F8157781E2A7FD70091A456 /* HelloWorldTests.xctest */;
			productType = "com.apple.product-type.bundle.unit-test";
		};
		1F8157821E2A7FD70091A456 /* HelloWorldUITests */ = {
			isa = PBXNativeTarget;
			buildConfigurationList = 1F8157921E2A7FD70091A456 /* Build configuration list for PBXNativeTarget "HelloWorldUITests" */;
			buildPhases = (
				1F81577F1E2A7FD70091A456 /* Sources */,
				1F8157801E2A7FD70091A456 /* Frameworks */,
				1F8157811E2A7FD70091A456 /* Resources */,
			);
			buildRules = (
			);
			dependencies = (
				1F8157851E2A7FD70091A456 /* PBXTargetDependency */,
			);
			name = HelloWorldUITests;
			productName = HelloWorldUITests;
			productReference = 1F8157831E2A7FD70091A456 /* HelloWorldUITests.xctest */;
			productType = "com.apple.product-type.bundle.ui-testing";
		};
/* End PBXNativeTarget section */

/* Begin PBXProject section */
		1F81575C1E2A7FD70091A456 /* Project object */ = {
			isa = PBXProject;
			attributes = {
				LastSwiftUpdateCheck = 0820;
				LastUpgradeCheck = 0820;
				ORGANIZATIONNAME = "James Neumann";
				TargetAttributes = {
					1F8157631E2A7FD70091A456 = {
						CreatedOnToolsVersion = 8.2.1;
						ProvisioningStyle = Automatic;
					};
					1F8157771E2A7FD70091A456 = {
						CreatedOnToolsVersion = 8.2.1;
						ProvisioningStyle = Automatic;
						TestTargetID = 1F8157631E2A7FD70091A456;
					};
					1F8157821E2A7FD70091A456 = {
						CreatedOnToolsVersion = 8.2.1;
						ProvisioningStyle = Automatic;
						TestTargetID = 1F8157631E2A7FD70091A456;
					};
				};
			};
			buildConfigurationList = 1F81575F1E2A7FD70091A456 /* Build configuration list for PBXProject "HelloWorld" */;
			compatibilityVersion = "Xcode 3.2";
			developmentRegion = English;
			hasScannedForEncodings = 0;
			knownRegions = (
				en,
				Base,
			);
			mainGroup = 1F81575B1E2A7FD70091A456;
			productRefGroup = 1F8157651E2A7FD70091A456 /* Products */;
			projectDirPath = "";
			projectRoot = "";
			targets = (
				1F8157631E2A7FD70091A456 /* HelloWorld */,
				1F8157771E2A7FD70091A456 /* HelloWorldTests */,
				1F8157821E2A7FD70091A456 /* HelloWorldUITests */,
			);
		};
/* End PBXProject section */

/* Begin PBXResourcesBuildPhase section */
		1F8157621E2A7FD70091A456 /* Resources */ = {
			isa = PBXResourcesBuildPhase;
			buildActionMask = 2147483647;
			files = (
				1F8157721E2A7FD70091A456 /* LaunchScreen.storyboard in Resources */,
				1F81576F1E2A7FD70091A456 /* Assets.xcassets in Resources */,
				1F81576D1E2A7FD70091A456 /* Main.storyboard in Resources */,
			);
			runOnlyForDeploymentPostprocessing = 0;
		};
		1F8157761E2A7FD70091A456 /* Resources */ = {
			isa = PBXResourcesBuildPhase;
			buildActionMask = 2147483647;
			files = (
			);
			runOnlyForDeploymentPostprocessing = 0;
		};
		1F8157811E2A7FD70091A456 /* Resources */ = {
			isa = PBXResourcesBuildPhase;
			buildActionMask = 2147483647;
			files = (
			);
			runOnlyForDeploymentPostprocessing = 0;
		};
/* End PBXResourcesBuildPhase section */

/* Begin PBXSourcesBuildPhase section */
		1F8157601E2A7FD70091A456 /* Sources */ = {
			isa = PBXSourcesBuildPhase;
			buildActionMask = 2147483647;
			files = (
				1F81576A1E2A7FD70091A456 /* ViewController.swift in Sources */,
				1F8157681E2A7FD70091A456 /* AppDelegate.swift in Sources */,
			);
			runOnlyForDeploymentPostprocessing = 0;
		};
		1F8157741E2A7FD70091A456 /* Sources */ = {
			isa = PBXSourcesBuildPhase;
			buildActionMask = 2147483647;
			files = (
				1F81577D1E2A7FD70091A456 /* HelloWorldTests.swift in Sources */,
			);
			runOnlyForDeploymentPostprocessing = 0;
		};
		1F81577F1E2A7FD70091A456 /* Sources */ = {
			isa = PBXSourcesBuildPhase;
			buildActionMask = 2147483647;
			files = (
				1F8157881E2A7FD70091A456 /* HelloWorldUITests.swift in Sources */,
			);
			runOnlyForDeploymentPostprocessing = 0;
		};
/* End PBXSourcesBuildPhase section */

/* Begin PBXTargetDependency section */
		1F81577A1E2A7FD70091A456 /* PBXTargetDependency */ = {
			isa = PBXTargetDependency;
			target = 1F8157631E2A7FD70091A456 /* HelloWorld */;
			targetProxy = 1F8157791E2A7FD70091A456 /* PBXContainerItemProxy */;
		};
		1F8157851E2A7FD70091A456 /* PBXTargetDependency */ = {
			isa = PBXTargetDependency;
			target = 1F8157631E2A7FD70091A456 /* HelloWorld */;
			targetProxy = 1F8157841E2A7FD70091A456 /* PBXContainerItemProxy */;
		};
/* End PBXTargetDependency section */

/* Begin PBXVariantGroup section */
		1F81576B1E2A7FD70091A456 /* Main.storyboard */ = {
			isa = PBXVariantGroup;
			children = (
				1F81576C1E2A7FD70091A456 /* Base */,
			);
			name = Main.storyboard;
			sourceTree = "<group>";
		};
		1F8157701E2A7FD70091A456 /* LaunchScreen.storyboard */ = {
			isa = PBXVariantGroup;
			children = (
				1F8157711E2A7FD70091A456 /* Base */,
			);
			name = LaunchScreen.storyboard;
			sourceTree = "<group>";
		};
/* End PBXVariantGroup section */

/* Begin XCBuildConfiguration section */
		1F81578A1E2A7FD70091A456 /* Debug */ = {
			isa = XCBuildConfiguration;
			buildSettings = {
				ALWAYS_SEARCH_USER_PATHS = NO;
				CLANG_ANALYZER_NONNULL = YES;
				CLANG_CXX_LANGUAGE_STANDARD = "gnu++0x";
				CLANG_CXX_LIBRARY = "libc++";
				CLANG_ENABLE_MODULES = YES;
				CLANG_ENABLE_OBJC_ARC = YES;
				CLANG_WARN_BOOL_CONVERSION = YES;
				CLANG_WARN_CONSTANT_CONVERSION = YES;
				CLANG_WARN_DIRECT_OBJC_ISA_USAGE = YES_ERROR;
				CLANG_WARN_DOCUMENTATION_COMMENTS = YES;
				CLANG_WARN_EMPTY_BODY = YES;
				CLANG_WARN_ENUM_CONVERSION = YES;
				CLANG_WARN_INFINITE_RECURSION = YES;
				CLANG_WARN_INT_CONVERSION = YES;
				CLANG_WARN_OBJC_ROOT_CLASS = YES_ERROR;
				CLANG_WARN_SUSPICIOUS_MOVE = YES;
				CLANG_WARN_UNREACHABLE_CODE = YES;
				CLANG_WARN__DUPLICATE_METHOD_MATCH = YES;
				"CODE_SIGN_IDENTITY[sdk=iphoneos*]" = "iPhone Developer";
				COPY_PHASE_STRIP = NO;
				DEBUG_INFORMATION_FORMAT = dwarf;
				ENABLE_STRICT_OBJC_MSGSEND = YES;
				ENABLE_TESTABILITY = YES;
				GCC_C_LANGUAGE_STANDARD = gnu99;
				GCC_DYNAMIC_NO_PIC = NO;
				GCC_NO_COMMON_BLOCKS = YES;
				GCC_OPTIMIZATION_LEVEL = 0;
				GCC_PREPROCESSOR_DEFINITIONS = (
					"DEBUG=1",
					"$(inherited)",
				);
				GCC_WARN_64_TO_32_BIT_CONVERSION = YES;
				GCC_WARN_ABOUT_RETURN_TYPE = YES_ERROR;
				GCC_WARN_UNDECLARED_SELECTOR = YES;
				GCC_WARN_UNINITIALIZED_AUTOS = YES_AGGRESSIVE;
				GCC_WARN_UNUSED_FUNCTION = YES;
				GCC_WARN_UNUSED_VARIABLE = YES;
				IPHONEOS_DEPLOYMENT_TARGET = 10.2;
				MTL_ENABLE_DEBUG_INFO = YES;
				ONLY_ACTIVE_ARCH = YES;
				SDKROOT = iphoneos;
				SWIFT_ACTIVE_COMPILATION_CONDITIONS = DEBUG;
				SWIFT_OPTIMIZATION_LEVEL = "-Onone";
				TARGETED_DEVICE_FAMILY = "1,2";
			};
			name = Debug;
		};
		1F81578B1E2A7FD70091A456 /* Release */ = {
			isa = XCBuildConfiguration;
			buildSettings = {
				ALWAYS_SEARCH_USER_PATHS = NO;
				CLANG_ANALYZER_NONNULL = YES;
				CLANG_CXX_LANGUAGE_STANDARD = "gnu++0x";
				CLANG_CXX_LIBRARY = "libc++";
				CLANG_ENABLE_MODULES = YES;
				CLANG_ENABLE_OBJC_ARC = YES;
				CLANG_WARN_BOOL_CONVERSION = YES;
				CLANG_WARN_CONSTANT_CONVERSION = YES;
				CLANG_WARN_DIRECT_OBJC_ISA_USAGE = YES_ERROR;
				CLANG_WARN_DOCUMENTATION_COMMENTS = YES;
				CLANG_WARN_EMPTY_BODY = YES;
				CLANG_WARN_ENUM_CONVERSION = YES;
				CLANG_WARN_INFINITE_RECURSION = YES;
				CLANG_WARN_INT_CONVERSION = YES;
				CLANG_WARN_OBJC_ROOT_CLASS = YES_ERROR;
				CLANG_WARN_SUSPICIOUS_MOVE = YES;
				CLANG_WARN_UNREACHABLE_CODE = YES;
				CLANG_WARN__DUPLICATE_METHOD_MATCH = YES;
				"CODE_SIGN_IDENTITY[sdk=iphoneos*]" = "iPhone Developer";
				COPY_PHASE_STRIP = NO;
				DEBUG_INFORMATION_FORMAT = "dwarf-with-dsym";
				ENABLE_NS_ASSERTIONS = NO;
				ENABLE_STRICT_OBJC_MSGSEND = YES;
				GCC_C_LANGUAGE_STANDARD = gnu99;
				GCC_NO_COMMON_BLOCKS = YES;
				GCC_WARN_64_TO_32_BIT_CONVERSION = YES;
				GCC_WARN_ABOUT_RETURN_TYPE = YES_ERROR;
				GCC_WARN_UNDECLARED_SELECTOR = YES;
				GCC_WARN_UNINITIALIZED_AUTOS = YES_AGGRESSIVE;
				GCC_WARN_UNUSED_FUNCTION = YES;
				GCC_WARN_UNUSED_VARIABLE = YES;
				IPHONEOS_DEPLOYMENT_TARGET = 10.2;
				MTL_ENABLE_DEBUG_INFO = NO;
				SDKROOT = iphoneos;
				SWIFT_OPTIMIZATION_LEVEL = "-Owholemodule";
				TARGETED_DEVICE_FAMILY = "1,2";
				VALIDATE_PRODUCT = YES;
			};
			name = Release;
		};
		1F81578D1E2A7FD70091A456 /* Debug */ = {
			isa = XCBuildConfiguration;
			buildSettings = {
				ASSETCATALOG_COMPILER_APPICON_NAME = AppIcon;
				INFOPLIST_FILE = HelloWorld/Info.plist;
				LD_RUNPATH_SEARCH_PATHS = "$(inherited) @executable_path/Frameworks";
				PRODUCT_BUNDLE_IDENTIFIER = com.jrcneumann.HelloWorld;
				PRODUCT_NAME = "$(TARGET_NAME)";
				SWIFT_VERSION = 3.0;
			};
			name = Debug;
		};
		1F81578E1E2A7FD70091A456 /* Release */ = {
			isa = XCBuildConfiguration;
			buildSettings = {
				ASSETCATALOG_COMPILER_APPICON_NAME = AppIcon;
				INFOPLIST_FILE = HelloWorld/Info.plist;
				LD_RUNPATH_SEARCH_PATHS = "$(inherited) @executable_path/Frameworks";
				PRODUCT_BUNDLE_IDENTIFIER = com.jrcneumann.HelloWorld;
				PRODUCT_NAME = "$(TARGET_NAME)";
				SWIFT_VERSION = 3.0;
			};
			name = Release;
		};
		1F8157901E2A7FD70091A456 /* Debug */ = {
			isa = XCBuildConfiguration;
			buildSettings = {
				ALWAYS_EMBED_SWIFT_STANDARD_LIBRARIES = YES;
				BUNDLE_LOADER = "$(TEST_HOST)";
				INFOPLIST_FILE = HelloWorldTests/Info.plist;
				LD_RUNPATH_SEARCH_PATHS = "$(inherited) @executable_path/Frameworks @loader_path/Frameworks";
				PRODUCT_BUNDLE_IDENTIFIER = com.jrcneumann.HelloWorldTests;
				PRODUCT_NAME = "$(TARGET_NAME)";
				SWIFT_VERSION = 3.0;
				TEST_HOST = "$(BUILT_PRODUCTS_DIR)/HelloWorld.app/HelloWorld";
			};
			name = Debug;
		};
		1F8157911E2A7FD70091A456 /* Release */ = {
			isa = XCBuildConfiguration;
			buildSettings = {
				ALWAYS_EMBED_SWIFT_STANDARD_LIBRARIES = YES;
				BUNDLE_LOADER = "$(TEST_HOST)";
				INFOPLIST_FILE = HelloWorldTests/Info.plist;
				LD_RUNPATH_SEARCH_PATHS = "$(inherited) @executable_path/Frameworks @loader_path/Frameworks";
				PRODUCT_BUNDLE_IDENTIFIER = com.jrcneumann.HelloWorldTests;
				PRODUCT_NAME = "$(TARGET_NAME)";
				SWIFT_VERSION = 3.0;
				TEST_HOST = "$(BUILT_PRODUCTS_DIR)/HelloWorld.app/HelloWorld";
			};
			name = Release;
		};
		1F8157931E2A7FD70091A456 /* Debug */ = {
			isa = XCBuildConfiguration;
			buildSettings = {
				ALWAYS_EMBED_SWIFT_STANDARD_LIBRARIES = YES;
				INFOPLIST_FILE = HelloWorldUITests/Info.plist;
				LD_RUNPATH_SEARCH_PATHS = "$(inherited) @executable_path/Frameworks @loader_path/Frameworks";
				PRODUCT_BUNDLE_IDENTIFIER = com.jrcneumann.HelloWorldUITests;
				PRODUCT_NAME = "$(TARGET_NAME)";
				SWIFT_VERSION = 3.0;
				TEST_TARGET_NAME = HelloWorld;
			};
			name = Debug;
		};
		1F8157941E2A7FD70091A456 /* Release */ = {
			isa = XCBuildConfiguration;
			buildSettings = {
				ALWAYS_EMBED_SWIFT_STANDARD_LIBRARIES = YES;
				INFOPLIST_FILE = HelloWorldUITests/Info.plist;
				LD_RUNPATH_SEARCH_PATHS = "$(inherited) @executable_path/Frameworks @loader_path/Frameworks";
				PRODUCT_BUNDLE_IDENTIFIER = com.jrcneumann.HelloWorldUITests;
				PRODUCT_NAME = "$(TARGET_NAME)";
				SWIFT_VERSION = 3.0;
				TEST_TARGET_NAME = HelloWorld;
			};
			name = Release;
		};
/* End XCBuildConfiguration section */

/* Begin XCConfigurationList section */
		1F81575F1E2A7FD70091A456 /* Build configuration list for PBXProject "HelloWorld" */ = {
			isa = XCConfigurationList;
			buildConfigurations = (
				1F81578A1E2A7FD70091A456 /* Debug */,
				1F81578B1E2A7FD70091A456 /* Release */,
			);
			defaultConfigurationIsVisible = 0;
			defaultConfigurationName = Release;
		};
		1F81578C1E2A7FD70091A456 /* Build configuration list for PBXNativeTarget "HelloWorld" */ = {
			isa = XCConfigurationList;
			buildConfigurations = (
				1F81578D1E2A7FD70091A456 /* Debug */,
				1F81578E1E2A7FD70091A456 /* Release */,
			);
			defaultConfigurationIsVisible = 0;
		};
		1F81578F1E2A7FD70091A456 /* Build configuration list for PBXNativeTarget "HelloWorldTests" */ = {
			isa = XCConfigurationList;
			buildConfigurations = (
				1F8157901E2A7FD70091A456 /* Debug */,
				1F8157911E2A7FD70091A456 /* Release */,
			);
			defaultConfigurationIsVisible = 0;
		};
		1F8157921E2A7FD70091A456 /* Build configuration list for PBXNativeTarget "HelloWorldUITests" */ = {
			isa = XCConfigurationList;
			buildConfigurations = (
				1F8157931E2A7FD70091A456 /* Debug */,
				1F8157941E2A7FD70091A456 /* Release */,
			);
			defaultConfigurationIsVisible = 0;
		};
/* End XCConfigurationList section */
	};
	rootObject = 1F81575C1E2A7FD70091A456 /* Project object */;
}
